// !$*UTF8*$!
{
	archiveVersion = 1;
	classes = {
	};
	objectVersion = 46;
	objects = {

/* Begin PBXBuildFile section */
		9F5F523619D4364A002477CC /* AddToDoItemViewController.swift in Sources */ = {isa = PBXBuildFile; fileRef = 9F5F523519D4364A002477CC /* AddToDoItemViewController.swift */; };
		9FCCD1B819D31AF800346042 /* AppDelegate.swift in Sources */ = {isa = PBXBuildFile; fileRef = 9FCCD1B719D31AF800346042 /* AppDelegate.swift */; };
		9FCCD1BA19D31AF800346042 /* ViewController.swift in Sources */ = {isa = PBXBuildFile; fileRef = 9FCCD1B919D31AF800346042 /* ViewController.swift */; };
		9FCCD1BD19D31AF800346042 /* Main.storyboard in Resources */ = {isa = PBXBuildFile; fileRef = 9FCCD1BB19D31AF800346042 /* Main.storyboard */; };
		9FCCD1BF19D31AF800346042 /* Images.xcassets in Resources */ = {isa = PBXBuildFile; fileRef = 9FCCD1BE19D31AF800346042 /* Images.xcassets */; };
		9FCCD1C219D31AF800346042 /* LaunchScreen.xib in Resources */ = {isa = PBXBuildFile; fileRef = 9FCCD1C019D31AF800346042 /* LaunchScreen.xib */; };
		9FCCD1CE19D31AF800346042 /* ToDoListTests.swift in Sources */ = {isa = PBXBuildFile; fileRef = 9FCCD1CD19D31AF800346042 /* ToDoListTests.swift */; };
/* End PBXBuildFile section */

/* Begin PBXContainerItemProxy section */
		9FCCD1C819D31AF800346042 /* PBXContainerItemProxy */ = {
			isa = PBXContainerItemProxy;
			containerPortal = 9FCCD1AA19D31AF800346042 /* Project object */;
			proxyType = 1;
			remoteGlobalIDString = 9FCCD1B119D31AF800346042;
			remoteInfo = ToDoList;
		};
/* End PBXContainerItemProxy section */

/* Begin PBXFileReference section */
		9F5F523519D4364A002477CC /* AddToDoItemViewController.swift */ = {isa = PBXFileReference; fileEncoding = 4; lastKnownFileType = sourcecode.swift; name = AddToDoItemViewController.swift; path = ../AddToDoItemViewController.swift; sourceTree = "<group>"; };
		9FCCD1B219D31AF800346042 /* ToDoList.app */ = {isa = PBXFileReference; explicitFileType = wrapper.application; includeInIndex = 0; path = ToDoList.app; sourceTree = BUILT_PRODUCTS_DIR; };
		9FCCD1B619D31AF800346042 /* Info.plist */ = {isa = PBXFileReference; lastKnownFileType = text.plist.xml; path = Info.plist; sourceTree = "<group>"; };
		9FCCD1B719D31AF800346042 /* AppDelegate.swift */ = {isa = PBXFileReference; lastKnownFileType = sourcecode.swift; path = AppDelegate.swift; sourceTree = "<group>"; };
		9FCCD1B919D31AF800346042 /* ViewController.swift */ = {isa = PBXFileReference; lastKnownFileType = sourcecode.swift; path = ViewController.swift; sourceTree = "<group>"; };
		9FCCD1BC19D31AF800346042 /* Base */ = {isa = PBXFileReference; lastKnownFileType = file.storyboard; name = Base; path = Base.lproj/Main.storyboard; sourceTree = "<group>"; };
		9FCCD1BE19D31AF800346042 /* Images.xcassets */ = {isa = PBXFileReference; lastKnownFileType = folder.assetcatalog; path = Images.xcassets; sourceTree = "<group>"; };
		9FCCD1C119D31AF800346042 /* Base */ = {isa = PBXFileReference; lastKnownFileType = file.xib; name = Base; path = Base.lproj/LaunchScreen.xib; sourceTree = "<group>"; };
		9FCCD1C719D31AF800346042 /* ToDoListTests.xctest */ = {isa = PBXFileReference; explicitFileType = wrapper.cfbundle; includeInIndex = 0; path = ToDoListTests.xctest; sourceTree = BUILT_PRODUCTS_DIR; };
		9FCCD1CC19D31AF800346042 /* Info.plist */ = {isa = PBXFileReference; lastKnownFileType = text.plist.xml; path = Info.plist; sourceTree = "<group>"; };
		9FCCD1CD19D31AF800346042 /* ToDoListTests.swift */ = {isa = PBXFileReference; lastKnownFileType = sourcecode.swift; path = ToDoListTests.swift; sourceTree = "<group>"; };
/* End PBXFileReference section */

/* Begin PBXFrameworksBuildPhase section */
		9FCCD1AF19D31AF800346042 /* Frameworks */ = {
			isa = PBXFrameworksBuildPhase;
			buildActionMask = 2147483647;
			files = (
			);
			runOnlyForDeploymentPostprocessing = 0;
		};
		9FCCD1C419D31AF800346042 /* Frameworks */ = {
			isa = PBXFrameworksBuildPhase;
			buildActionMask = 2147483647;
			files = (
			);
			runOnlyForDeploymentPostprocessing = 0;
		};
/* End PBXFrameworksBuildPhase section */

/* Begin PBXGroup section */
		9FCCD1A919D31AF800346042 = {
			isa = PBXGroup;
			children = (
				9FCCD1B419D31AF800346042 /* ToDoList */,
				9FCCD1CA19D31AF800346042 /* ToDoListTests */,
				9FCCD1B319D31AF800346042 /* Products */,
			);
			sourceTree = "<group>";
		};
		9FCCD1B319D31AF800346042 /* Products */ = {
			isa = PBXGroup;
			children = (
				9FCCD1B219D31AF800346042 /* ToDoList.app */,
				9FCCD1C719D31AF800346042 /* ToDoListTests.xctest */,
			);
			name = Products;
			sourceTree = "<group>";
		};
		9FCCD1B419D31AF800346042 /* ToDoList */ = {
			isa = PBXGroup;
			children = (
				9F5F523519D4364A002477CC /* AddToDoItemViewController.swift */,
				9FCCD1B719D31AF800346042 /* AppDelegate.swift */,
				9FCCD1B919D31AF800346042 /* ViewController.swift */,
				9FCCD1BB19D31AF800346042 /* Main.storyboard */,
				9FCCD1BE19D31AF800346042 /* Images.xcassets */,
				9FCCD1C019D31AF800346042 /* LaunchScreen.xib */,
				9FCCD1B519D31AF800346042 /* Supporting Files */,
			);
			path = ToDoList;
			sourceTree = "<group>";
		};
		9FCCD1B519D31AF800346042 /* Supporting Files */ = {
			isa = PBXGroup;
			children = (
				9FCCD1B619D31AF800346042 /* Info.plist */,
			);
			name = "Supporting Files";
			sourceTree = "<group>";
		};
		9FCCD1CA19D31AF800346042 /* ToDoListTests */ = {
			isa = PBXGroup;
			children = (
				9FCCD1CD19D31AF800346042 /* ToDoListTests.swift */,
				9FCCD1CB19D31AF800346042 /* Supporting Files */,
			);
			path = ToDoListTests;
			sourceTree = "<group>";
		};
		9FCCD1CB19D31AF800346042 /* Supporting Files */ = {
			isa = PBXGroup;
			children = (
				9FCCD1CC19D31AF800346042 /* Info.plist */,
			);
			name = "Supporting Files";
			sourceTree = "<group>";
		};
/* End PBXGroup section */

/* Begin PBXNativeTarget section */
		9FCCD1B119D31AF800346042 /* ToDoList */ = {
			isa = PBXNativeTarget;
			buildConfigurationList = 9FCCD1D119D31AF800346042 /* Build configuration list for PBXNativeTarget "ToDoList" */;
			buildPhases = (
				9FCCD1AE19D31AF800346042 /* Sources */,
				9FCCD1AF19D31AF800346042 /* Frameworks */,
				9FCCD1B019D31AF800346042 /* Resources */,
			);
			buildRules = (
			);
			dependencies = (
			);
			name = ToDoList;
			productName = ToDoList;
			productReference = 9FCCD1B219D31AF800346042 /* ToDoList.app */;
			productType = "com.apple.product-type.application";
		};
		9FCCD1C619D31AF800346042 /* ToDoListTests */ = {
			isa = PBXNativeTarget;
			buildConfigurationList = 9FCCD1D419D31AF800346042 /* Build configuration list for PBXNativeTarget "ToDoListTests" */;
			buildPhases = (
				9FCCD1C319D31AF800346042 /* Sources */,
				9FCCD1C419D31AF800346042 /* Frameworks */,
				9FCCD1C519D31AF800346042 /* Resources */,
			);
			buildRules = (
			);
			dependencies = (
				9FCCD1C919D31AF800346042 /* PBXTargetDependency */,
			);
			name = ToDoListTests;
			productName = ToDoListTests;
			productReference = 9FCCD1C719D31AF800346042 /* ToDoListTests.xctest */;
			productType = "com.apple.product-type.bundle.unit-test";
		};
/* End PBXNativeTarget section */

/* Begin PBXProject section */
		9FCCD1AA19D31AF800346042 /* Project object */ = {
			isa = PBXProject;
			attributes = {
				LastUpgradeCheck = 0600;
				ORGANIZATIONNAME = "Zachary Radtka";
				TargetAttributes = {
					9FCCD1B119D31AF800346042 = {
						CreatedOnToolsVersion = 6.0.1;
					};
					9FCCD1C619D31AF800346042 = {
						CreatedOnToolsVersion = 6.0.1;
						TestTargetID = 9FCCD1B119D31AF800346042;
					};
				};
			};
			buildConfigurationList = 9FCCD1AD19D31AF800346042 /* Build configuration list for PBXProject "ToDoList" */;
			compatibilityVersion = "Xcode 3.2";
			developmentRegion = English;
			hasScannedForEncodings = 0;
			knownRegions = (
				en,
				Base,
			);
			mainGroup = 9FCCD1A919D31AF800346042;
			productRefGroup = 9FCCD1B319D31AF800346042 /* Products */;
			projectDirPath = "";
			projectRoot = "";
			targets = (
				9FCCD1B119D31AF800346042 /* ToDoList */,
				9FCCD1C619D31AF800346042 /* ToDoListTests */,
			);
		};
/* End PBXProject section */

/* Begin PBXResourcesBuildPhase section */
		9FCCD1B019D31AF800346042 /* Resources */ = {
			isa = PBXResourcesBuildPhase;
			buildActionMask = 2147483647;
			files = (
				9FCCD1BD19D31AF800346042 /* Main.storyboard in Resources */,
				9FCCD1C219D31AF800346042 /* LaunchScreen.xib in Resources */,
				9FCCD1BF19D31AF800346042 /* Images.xcassets in Resources */,
			);
			runOnlyForDeploymentPostprocessing = 0;
		};
		9FCCD1C519D31AF800346042 /* Resources */ = {
			isa = PBXResourcesBuildPhase;
			buildActionMask = 2147483647;
			files = (
			);
			runOnlyForDeploymentPostprocessing = 0;
		};
/* End PBXResourcesBuildPhase section */

/* Begin PBXSourcesBuildPhase section */
		9FCCD1AE19D31AF800346042 /* Sources */ = {
			isa = PBXSourcesBuildPhase;
			buildActionMask = 2147483647;
			files = (
				9FCCD1BA19D31AF800346042 /* ViewController.swift in Sources */,
				9F5F523619D4364A002477CC /* AddToDoItemViewController.swift in Sources */,
				9FCCD1B819D31AF800346042 /* AppDelegate.swift in Sources */,
			);
			runOnlyForDeploymentPostprocessing = 0;
		};
		9FCCD1C319D31AF800346042 /* Sources */ = {
			isa = PBXSourcesBuildPhase;
			buildActionMask = 2147483647;
			files = (
				9FCCD1CE19D31AF800346042 /* ToDoListTests.swift in Sources */,
			);
			runOnlyForDeploymentPostprocessing = 0;
		};
/* End PBXSourcesBuildPhase section */

/* Begin PBXTargetDependency section */
		9FCCD1C919D31AF800346042 /* PBXTargetDependency */ = {
			isa = PBXTargetDependency;
			target = 9FCCD1B119D31AF800346042 /* ToDoList */;
			targetProxy = 9FCCD1C819D31AF800346042 /* PBXContainerItemProxy */;
		};
/* End PBXTargetDependency section */

/* Begin PBXVariantGroup section */
		9FCCD1BB19D31AF800346042 /* Main.storyboard */ = {
			isa = PBXVariantGroup;
			children = (
				9FCCD1BC19D31AF800346042 /* Base */,
			);
			name = Main.storyboard;
			sourceTree = "<group>";
		};
		9FCCD1C019D31AF800346042 /* LaunchScreen.xib */ = {
			isa = PBXVariantGroup;
			children = (
				9FCCD1C119D31AF800346042 /* Base */,
			);
			name = LaunchScreen.xib;
			sourceTree = "<group>";
		};
/* End PBXVariantGroup section */

/* Begin XCBuildConfiguration section */
		9FCCD1CF19D31AF800346042 /* Debug */ = {
			isa = XCBuildConfiguration;
			buildSettings = {
				ALWAYS_SEARCH_USER_PATHS = NO;
				CLANG_CXX_LANGUAGE_STANDARD = "gnu++0x";
				CLANG_CXX_LIBRARY = "libc++";
				CLANG_ENABLE_MODULES = YES;
				CLANG_ENABLE_OBJC_ARC = YES;
				CLANG_WARN_BOOL_CONVERSION = YES;
				CLANG_WARN_CONSTANT_CONVERSION = YES;
				CLANG_WARN_DIRECT_OBJC_ISA_USAGE = YES_ERROR;
				CLANG_WARN_EMPTY_BODY = YES;
				CLANG_WARN_ENUM_CONVERSION = YES;
				CLANG_WARN_INT_CONVERSION = YES;
				CLANG_WARN_OBJC_ROOT_CLASS = YES_ERROR;
				CLANG_WARN_UNREACHABLE_CODE = YES;
				CLANG_WARN__DUPLICATE_METHOD_MATCH = YES;
				"CODE_SIGN_IDENTITY[sdk=iphoneos*]" = "iPhone Developer";
				COPY_PHASE_STRIP = NO;
				ENABLE_STRICT_OBJC_MSGSEND = YES;
				GCC_C_LANGUAGE_STANDARD = gnu99;
				GCC_DYNAMIC_NO_PIC = NO;
				GCC_OPTIMIZATION_LEVEL = 0;
				GCC_PREPROCESSOR_DEFINITIONS = (
					"DEBUG=1",
					"$(inherited)",
				);
				GCC_SYMBOLS_PRIVATE_EXTERN = NO;
				GCC_WARN_64_TO_32_BIT_CONVERSION = YES;
				GCC_WARN_ABOUT_RETURN_TYPE = YES_ERROR;
				GCC_WARN_UNDECLARED_SELECTOR = YES;
				GCC_WARN_UNINITIALIZED_AUTOS = YES_AGGRESSIVE;
				GCC_WARN_UNUSED_FUNCTION = YES;
				GCC_WARN_UNUSED_VARIABLE = YES;
				IPHONEOS_DEPLOYMENT_TARGET = 8.0;
				MTL_ENABLE_DEBUG_INFO = YES;
				ONLY_ACTIVE_ARCH = YES;
				SDKROOT = iphoneos;
				SWIFT_OPTIMIZATION_LEVEL = "-Onone";
			};
			name = Debug;
		};
		9FCCD1D019D31AF800346042 /* Release */ = {
			isa = XCBuildConfiguration;
			buildSettings = {
				ALWAYS_SEARCH_USER_PATHS = NO;
				CLANG_CXX_LANGUAGE_STANDARD = "gnu++0x";
				CLANG_CXX_LIBRARY = "libc++";
				CLANG_ENABLE_MODULES = YES;
				CLANG_ENABLE_OBJC_ARC = YES;
				CLANG_WARN_BOOL_CONVERSION = YES;
				CLANG_WARN_CONSTANT_CONVERSION = YES;
				CLANG_WARN_DIRECT_OBJC_ISA_USAGE = YES_ERROR;
				CLANG_WARN_EMPTY_BODY = YES;
				CLANG_WARN_ENUM_CONVERSION = YES;
				CLANG_WARN_INT_CONVERSION = YES;
				CLANG_WARN_OBJC_ROOT_CLASS = YES_ERROR;
				CLANG_WARN_UNREACHABLE_CODE = YES;
				CLANG_WARN__DUPLICATE_METHOD_MATCH = YES;
				"CODE_SIGN_IDENTITY[sdk=iphoneos*]" = "iPhone Developer";
				COPY_PHASE_STRIP = YES;
				ENABLE_NS_ASSERTIONS = NO;
				ENABLE_STRICT_OBJC_MSGSEND = YES;
				GCC_C_LANGUAGE_STANDARD = gnu99;
				GCC_WARN_64_TO_32_BIT_CONVERSION = YES;
				GCC_WARN_ABOUT_RETURN_TYPE = YES_ERROR;
				GCC_WARN_UNDECLARED_SELECTOR = YES;
				GCC_WARN_UNINITIALIZED_AUTOS = YES_AGGRESSIVE;
				GCC_WARN_UNUSED_FUNCTION = YES;
				GCC_WARN_UNUSED_VARIABLE = YES;
				IPHONEOS_DEPLOYMENT_TARGET = 8.0;
				MTL_ENABLE_DEBUG_INFO = NO;
				SDKROOT = iphoneos;
				VALIDATE_PRODUCT = YES;
			};
			name = Release;
		};
		9FCCD1D219D31AF800346042 /* Debug */ = {
			isa = XCBuildConfiguration;
			buildSettings = {
				ASSETCATALOG_COMPILER_APPICON_NAME = AppIcon;
				INFOPLIST_FILE = ToDoList/Info.plist;
				LD_RUNPATH_SEARCH_PATHS = "$(inherited) @executable_path/Frameworks";
				PRODUCT_NAME = "$(TARGET_NAME)";
			};
			name = Debug;
		};
		9FCCD1D319D31AF800346042 /* Release */ = {
			isa = XCBuildConfiguration;
			buildSettings = {
				ASSETCATALOG_COMPILER_APPICON_NAME = AppIcon;
				INFOPLIST_FILE = ToDoList/Info.plist;
				LD_RUNPATH_SEARCH_PATHS = "$(inherited) @executable_path/Frameworks";
				PRODUCT_NAME = "$(TARGET_NAME)";
			};
			name = Release;
		};
		9FCCD1D519D31AF800346042 /* Debug */ = {
			isa = XCBuildConfiguration;
			buildSettings = {
				BUNDLE_LOADER = "$(TEST_HOST)";
				FRAMEWORK_SEARCH_PATHS = (
					"$(SDKROOT)/Developer/Library/Frameworks",
					"$(inherited)",
				);
				GCC_PREPROCESSOR_DEFINITIONS = (
					"DEBUG=1",
					"$(inherited)",
				);
				INFOPLIST_FILE = ToDoListTests/Info.plist;
				LD_RUNPATH_SEARCH_PATHS = "$(inherited) @executable_path/Frameworks @loader_path/Frameworks";
				PRODUCT_NAME = "$(TARGET_NAME)";
				TEST_HOST = "$(BUILT_PRODUCTS_DIR)/ToDoList.app/ToDoList";
			};
			name = Debug;
		};
		9FCCD1D619D31AF800346042 /* Release */ = {
			isa = XCBuildConfiguration;
			buildSettings = {
				BUNDLE_LOADER = "$(TEST_HOST)";
				FRAMEWORK_SEARCH_PATHS = (
					"$(SDKROOT)/Developer/Library/Frameworks",
					"$(inherited)",
				);
				INFOPLIST_FILE = ToDoListTests/Info.plist;
				LD_RUNPATH_SEARCH_PATHS = "$(inherited) @executable_path/Frameworks @loader_path/Frameworks";
				PRODUCT_NAME = "$(TARGET_NAME)";
				TEST_HOST = "$(BUILT_PRODUCTS_DIR)/ToDoList.app/ToDoList";
			};
			name = Release;
		};
/* End XCBuildConfiguration section */

/* Begin XCConfigurationList section */
		9FCCD1AD19D31AF800346042 /* Build configuration list for PBXProject "ToDoList" */ = {
			isa = XCConfigurationList;
			buildConfigurations = (
				9FCCD1CF19D31AF800346042 /* Debug */,
				9FCCD1D019D31AF800346042 /* Release */,
			);
			defaultConfigurationIsVisible = 0;
			defaultConfigurationName = Release;
		};
		9FCCD1D119D31AF800346042 /* Build configuration list for PBXNativeTarget "ToDoList" */ = {
			isa = XCConfigurationList;
			buildConfigurations = (
				9FCCD1D219D31AF800346042 /* Debug */,
				9FCCD1D319D31AF800346042 /* Release */,
			);
			defaultConfigurationIsVisible = 0;
			defaultConfigurationName = Release;
		};
		9FCCD1D419D31AF800346042 /* Build configuration list for PBXNativeTarget "ToDoListTests" */ = {
			isa = XCConfigurationList;
			buildConfigurations = (
				9FCCD1D519D31AF800346042 /* Debug */,
				9FCCD1D619D31AF800346042 /* Release */,
			);
			defaultConfigurationIsVisible = 0;
			defaultConfigurationName = Release;
		};
/* End XCConfigurationList section */
	};
	rootObject = 9FCCD1AA19D31AF800346042 /* Project object */;
}
